
Microsoft Visual Studio Solution File, Format Version 12.00
# Visual Studio Version 17
VisualStudioVersion = 17.11.35222.181
MinimumVisualStudioVersion = 10.0.40219.1
Project("{8BC9CEB8-8B4A-11D0-8D11-00A0C91BC942}") = "DZ_1", "DZ_1\DZ_1.vcxproj", "{0015FF4A-61A4-4BBF-A302-694D2530AE70}"
EndProject
Project("{8BC9CEB8-8B4A-11D0-8D11-00A0C91BC942}") = "DZ_2", "DZ_2\DZ_2.vcxproj", "{35BCDF20-6B63-4B23-A938-FBF2519B058B}"
EndProject
Project("{8BC9CEB8-8B4A-11D0-8D11-00A0C91BC942}") = "DZ_6", "DZ_6\DZ_6.vcxproj", "{6F6D9B26-B5E7-4C78-9159-EFCBD5CEE041}"
EndProject
Project("{8BC9CEB8-8B4A-11D0-8D11-00A0C91BC942}") = "Dz_3", "Dz_3\Dz_3.vcxproj", "{90AB7FF0-77E1-4BC3-B052-7FEC5ACBAC26}"
EndProject
Project("{8BC9CEB8-8B4A-11D0-8D11-00A0C91BC942}") = "Dz_4", "Dz_4\Dz_4.vcxproj", "{4129CA00-4EE8-4B2F-92BD-32ACEA63B106}"
EndProject
Project("{8BC9CEB8-8B4A-11D0-8D11-00A0C91BC942}") = "Dz_7", "Dz_7\Dz_7.vcxproj", "{5575531E-E790-49AE-8D14-8E0BFB1C5C72}"
EndProject
Project("{8BC9CEB8-8B4A-11D0-8D11-00A0C91BC942}") = "Dz_5", "Dz_5\Dz_5.vcxproj", "{417677B0-E8BF-4C17-BDB7-F88ACB2C6900}"
EndProject
Project("{8BC9CEB8-8B4A-11D0-8D11-00A0C91BC942}") = "Dz_8", "Dz_8\Dz_8.vcxproj", "{056610F1-9053-4385-B4FC-ADA7F0B920A3}"
EndProject
Project("{8BC9CEB8-8B4A-11D0-8D11-00A0C91BC942}") = "Dz9", "Dz9\Dz9.vcxproj", "{6328AA81-503A-4F31-BC4D-C0C1E9367C38}"
EndProject
Project("{8BC9CEB8-8B4A-11D0-8D11-00A0C91BC942}") = "Dz911", "Dz_10\Dz_10.vcxproj", "{279236FA-CE9B-4ED6-8C5B-11BC5FA16CA0}"
EndProject
Global
	GlobalSection(SolutionConfigurationPlatforms) = preSolution
		Debug|x64 = Debug|x64
		Debug|x86 = Debug|x86
		Release|x64 = Release|x64
		Release|x86 = Release|x86
	EndGlobalSection
	GlobalSection(ProjectConfigurationPlatforms) = postSolution
		{0015FF4A-61A4-4BBF-A302-694D2530AE70}.Debug|x64.ActiveCfg = Debug|x64
		{0015FF4A-61A4-4BBF-A302-694D2530AE70}.Debug|x64.Build.0 = Debug|x64
		{0015FF4A-61A4-4BBF-A302-694D2530AE70}.Debug|x86.ActiveCfg = Debug|Win32
		{0015FF4A-61A4-4BBF-A302-694D2530AE70}.Debug|x86.Build.0 = Debug|Win32
		{0015FF4A-61A4-4BBF-A302-694D2530AE70}.Release|x64.ActiveCfg = Release|x64
		{0015FF4A-61A4-4BBF-A302-694D2530AE70}.Release|x64.Build.0 = Release|x64
		{0015FF4A-61A4-4BBF-A302-694D2530AE70}.Release|x86.ActiveCfg = Release|Win32
		{0015FF4A-61A4-4BBF-A302-694D2530AE70}.Release|x86.Build.0 = Release|Win32
		{35BCDF20-6B63-4B23-A938-FBF2519B058B}.Debug|x64.ActiveCfg = Debug|x64
		{35BCDF20-6B63-4B23-A938-FBF2519B058B}.Debug|x64.Build.0 = Debug|x64
		{35BCDF20-6B63-4B23-A938-FBF2519B058B}.Debug|x86.ActiveCfg = Debug|Win32
		{35BCDF20-6B63-4B23-A938-FBF2519B058B}.Debug|x86.Build.0 = Debug|Win32
		{35BCDF20-6B63-4B23-A938-FBF2519B058B}.Release|x64.ActiveCfg = Release|x64
		{35BCDF20-6B63-4B23-A938-FBF2519B058B}.Release|x64.Build.0 = Release|x64
		{35BCDF20-6B63-4B23-A938-FBF2519B058B}.Release|x86.ActiveCfg = Release|Win32
		{35BCDF20-6B63-4B23-A938-FBF2519B058B}.Release|x86.Build.0 = Release|Win32
		{6F6D9B26-B5E7-4C78-9159-EFCBD5CEE041}.Debug|x64.ActiveCfg = Debug|x64
		{6F6D9B26-B5E7-4C78-9159-EFCBD5CEE041}.Debug|x64.Build.0 = Debug|x64
		{6F6D9B26-B5E7-4C78-9159-EFCBD5CEE041}.Debug|x86.ActiveCfg = Debug|Win32
		{6F6D9B26-B5E7-4C78-9159-EFCBD5CEE041}.Debug|x86.Build.0 = Debug|Win32
		{6F6D9B26-B5E7-4C78-9159-EFCBD5CEE041}.Release|x64.ActiveCfg = Release|x64
		{6F6D9B26-B5E7-4C78-9159-EFCBD5CEE041}.Release|x64.Build.0 = Release|x64
		{6F6D9B26-B5E7-4C78-9159-EFCBD5CEE041}.Release|x86.ActiveCfg = Release|Win32
		{6F6D9B26-B5E7-4C78-9159-EFCBD5CEE041}.Release|x86.Build.0 = Release|Win32
		{90AB7FF0-77E1-4BC3-B052-7FEC5ACBAC26}.Debug|x64.ActiveCfg = Debug|x64
		{90AB7FF0-77E1-4BC3-B052-7FEC5ACBAC26}.Debug|x64.Build.0 = Debug|x64
		{90AB7FF0-77E1-4BC3-B052-7FEC5ACBAC26}.Debug|x86.ActiveCfg = Debug|Win32
		{90AB7FF0-77E1-4BC3-B052-7FEC5ACBAC26}.Debug|x86.Build.0 = Debug|Win32
		{90AB7FF0-77E1-4BC3-B052-7FEC5ACBAC26}.Release|x64.ActiveCfg = Release|x64
		{90AB7FF0-77E1-4BC3-B052-7FEC5ACBAC26}.Release|x64.Build.0 = Release|x64
		{90AB7FF0-77E1-4BC3-B052-7FEC5ACBAC26}.Release|x86.ActiveCfg = Release|Win32
		{90AB7FF0-77E1-4BC3-B052-7FEC5ACBAC26}.Release|x86.Build.0 = Release|Win32
		{4129CA00-4EE8-4B2F-92BD-32ACEA63B106}.Debug|x64.ActiveCfg = Debug|x64
		{4129CA00-4EE8-4B2F-92BD-32ACEA63B106}.Debug|x64.Build.0 = Debug|x64
		{4129CA00-4EE8-4B2F-92BD-32ACEA63B106}.Debug|x86.ActiveCfg = Debug|Win32
		{4129CA00-4EE8-4B2F-92BD-32ACEA63B106}.Debug|x86.Build.0 = Debug|Win32
		{4129CA00-4EE8-4B2F-92BD-32ACEA63B106}.Release|x64.ActiveCfg = Release|x64
		{4129CA00-4EE8-4B2F-92BD-32ACEA63B106}.Release|x64.Build.0 = Release|x64
		{4129CA00-4EE8-4B2F-92BD-32ACEA63B106}.Release|x86.ActiveCfg = Release|Win32
		{4129CA00-4EE8-4B2F-92BD-32ACEA63B106}.Release|x86.Build.0 = Release|Win32
		{5575531E-E790-49AE-8D14-8E0BFB1C5C72}.Debug|x64.ActiveCfg = Debug|x64
		{5575531E-E790-49AE-8D14-8E0BFB1C5C72}.Debug|x64.Build.0 = Debug|x64
		{5575531E-E790-49AE-8D14-8E0BFB1C5C72}.Debug|x86.ActiveCfg = Debug|Win32
		{5575531E-E790-49AE-8D14-8E0BFB1C5C72}.Debug|x86.Build.0 = Debug|Win32
		{5575531E-E790-49AE-8D14-8E0BFB1C5C72}.Release|x64.ActiveCfg = Release|x64
		{5575531E-E790-49AE-8D14-8E0BFB1C5C72}.Release|x64.Build.0 = Release|x64
		{5575531E-E790-49AE-8D14-8E0BFB1C5C72}.Release|x86.ActiveCfg = Release|Win32
		{5575531E-E790-49AE-8D14-8E0BFB1C5C72}.Release|x86.Build.0 = Release|Win32
		{417677B0-E8BF-4C17-BDB7-F88ACB2C6900}.Debug|x64.ActiveCfg = Debug|x64
		{417677B0-E8BF-4C17-BDB7-F88ACB2C6900}.Debug|x64.Build.0 = Debug|x64
		{417677B0-E8BF-4C17-BDB7-F88ACB2C6900}.Debug|x86.ActiveCfg = Debug|Win32
		{417677B0-E8BF-4C17-BDB7-F88ACB2C6900}.Debug|x86.Build.0 = Debug|Win32
		{417677B0-E8BF-4C17-BDB7-F88ACB2C6900}.Release|x64.ActiveCfg = Release|x64
		{417677B0-E8BF-4C17-BDB7-F88ACB2C6900}.Release|x64.Build.0 = Release|x64
		{417677B0-E8BF-4C17-BDB7-F88ACB2C6900}.Release|x86.ActiveCfg = Release|Win32
		{417677B0-E8BF-4C17-BDB7-F88ACB2C6900}.Release|x86.Build.0 = Release|Win32
		{056610F1-9053-4385-B4FC-ADA7F0B920A3}.Debug|x64.ActiveCfg = Debug|x64
		{056610F1-9053-4385-B4FC-ADA7F0B920A3}.Debug|x64.Build.0 = Debug|x64
		{056610F1-9053-4385-B4FC-ADA7F0B920A3}.Debug|x86.ActiveCfg = Debug|Win32
		{056610F1-9053-4385-B4FC-ADA7F0B920A3}.Debug|x86.Build.0 = Debug|Win32
		{056610F1-9053-4385-B4FC-ADA7F0B920A3}.Release|x64.ActiveCfg = Release|x64
		{056610F1-9053-4385-B4FC-ADA7F0B920A3}.Release|x64.Build.0 = Release|x64
		{056610F1-9053-4385-B4FC-ADA7F0B920A3}.Release|x86.ActiveCfg = Release|Win32
		{056610F1-9053-4385-B4FC-ADA7F0B920A3}.Release|x86.Build.0 = Release|Win32
		{6328AA81-503A-4F31-BC4D-C0C1E9367C38}.Debug|x64.ActiveCfg = Debug|x64
		{6328AA81-503A-4F31-BC4D-C0C1E9367C38}.Debug|x64.Build.0 = Debug|x64
		{6328AA81-503A-4F31-BC4D-C0C1E9367C38}.Debug|x86.ActiveCfg = Debug|Win32
		{6328AA81-503A-4F31-BC4D-C0C1E9367C38}.Debug|x86.Build.0 = Debug|Win32
		{6328AA81-503A-4F31-BC4D-C0C1E9367C38}.Release|x64.ActiveCfg = Release|x64
		{6328AA81-503A-4F31-BC4D-C0C1E9367C38}.Release|x64.Build.0 = Release|x64
		{6328AA81-503A-4F31-BC4D-C0C1E9367C38}.Release|x86.ActiveCfg = Release|Win32
		{6328AA81-503A-4F31-BC4D-C0C1E9367C38}.Release|x86.Build.0 = Release|Win32
		{279236FA-CE9B-4ED6-8C5B-11BC5FA16CA0}.Debug|x64.ActiveCfg = Debug|x64
		{279236FA-CE9B-4ED6-8C5B-11BC5FA16CA0}.Debug|x64.Build.0 = Debug|x64
		{279236FA-CE9B-4ED6-8C5B-11BC5FA16CA0}.Debug|x86.ActiveCfg = Debug|Win32
		{279236FA-CE9B-4ED6-8C5B-11BC5FA16CA0}.Debug|x86.Build.0 = Debug|Win32
		{279236FA-CE9B-4ED6-8C5B-11BC5FA16CA0}.Release|x64.ActiveCfg = Release|x64
		{279236FA-CE9B-4ED6-8C5B-11BC5FA16CA0}.Release|x64.Build.0 = Release|x64
		{279236FA-CE9B-4ED6-8C5B-11BC5FA16CA0}.Release|x86.ActiveCfg = Release|Win32
		{279236FA-CE9B-4ED6-8C5B-11BC5FA16CA0}.Release|x86.Build.0 = Release|Win32
	EndGlobalSection
	GlobalSection(SolutionProperties) = preSolution
		HideSolutionNode = FALSE
	EndGlobalSection
	GlobalSection(ExtensibilityGlobals) = postSolution
		SolutionGuid = {BEBFA2F8-053B-4658-BA42-432E6F85475C}
	EndGlobalSection
EndGlobal
