
Microsoft Visual Studio Solution File, Format Version 12.00
# Visual Studio Version 17
VisualStudioVersion = 17.11.35222.181
MinimumVisualStudioVersion = 10.0.40219.1
Project("{8BC9CEB8-8B4A-11D0-8D11-00A0C91BC942}") = "DZ_1", "DZ_1\DZ_1.vcxproj", "{C8126CF3-6C33-432E-8A83-70E9D85422D4}"
EndProject
Project("{8BC9CEB8-8B4A-11D0-8D11-00A0C91BC942}") = "DZ_2", "DZ_2\DZ_2.vcxproj", "{D5D7EC93-F065-449E-B4AF-4A75452DB842}"
EndProject
Project("{8BC9CEB8-8B4A-11D0-8D11-00A0C91BC942}") = "DZ_3", "DZ_3\DZ_3.vcxproj", "{2A3AF800-A94B-4D76-9085-7B2F1C531C03}"
EndProject
Project("{8BC9CEB8-8B4A-11D0-8D11-00A0C91BC942}") = "DZ_4", "DZ_4\DZ_4.vcxproj", "{C1979DED-EBC9-4224-AB89-7A776A3784DE}"
EndProject
Project("{8BC9CEB8-8B4A-11D0-8D11-00A0C91BC942}") = "DZ_5", "DZ_5\DZ_5.vcxproj", "{DBE0C70C-DE50-45D9-A5C8-A0BF1C4A117C}"
EndProject
Project("{8BC9CEB8-8B4A-11D0-8D11-00A0C91BC942}") = "DZ_7", "DZ_7\DZ_7.vcxproj", "{A8CF084A-867C-4AE4-90D9-446DE6896C6F}"
EndProject
Project("{8BC9CEB8-8B4A-11D0-8D11-00A0C91BC942}") = "DZ_6", "DZ_6\DZ_6.vcxproj", "{6341AB42-2A6B-4499-891C-E757225E2C8E}"
EndProject
Project("{8BC9CEB8-8B4A-11D0-8D11-00A0C91BC942}") = "DZ_8", "DZ_8\DZ_8.vcxproj", "{EED0BC4D-9697-4AD1-8979-6777D149EC67}"
EndProject
Project("{8BC9CEB8-8B4A-11D0-8D11-00A0C91BC942}") = "DZ_9", "DZ_9\DZ_9.vcxproj", "{CB40D911-25E3-427A-A261-31E3BCACAA29}"
EndProject
Project("{8BC9CEB8-8B4A-11D0-8D11-00A0C91BC942}") = "DZ_911", "DZ_911\DZ_911.vcxproj", "{586DED76-30AE-450B-98AE-84C1511586E5}"
EndProject
Global
	GlobalSection(SolutionConfigurationPlatforms) = preSolution
		Debug|x64 = Debug|x64
		Debug|x86 = Debug|x86
		Release|x64 = Release|x64
		Release|x86 = Release|x86
	EndGlobalSection
	GlobalSection(ProjectConfigurationPlatforms) = postSolution
		{C8126CF3-6C33-432E-8A83-70E9D85422D4}.Debug|x64.ActiveCfg = Debug|x64
		{C8126CF3-6C33-432E-8A83-70E9D85422D4}.Debug|x64.Build.0 = Debug|x64
		{C8126CF3-6C33-432E-8A83-70E9D85422D4}.Debug|x86.ActiveCfg = Debug|Win32
		{C8126CF3-6C33-432E-8A83-70E9D85422D4}.Debug|x86.Build.0 = Debug|Win32
		{C8126CF3-6C33-432E-8A83-70E9D85422D4}.Release|x64.ActiveCfg = Release|x64
		{C8126CF3-6C33-432E-8A83-70E9D85422D4}.Release|x64.Build.0 = Release|x64
		{C8126CF3-6C33-432E-8A83-70E9D85422D4}.Release|x86.ActiveCfg = Release|Win32
		{C8126CF3-6C33-432E-8A83-70E9D85422D4}.Release|x86.Build.0 = Release|Win32
		{D5D7EC93-F065-449E-B4AF-4A75452DB842}.Debug|x64.ActiveCfg = Debug|x64
		{D5D7EC93-F065-449E-B4AF-4A75452DB842}.Debug|x64.Build.0 = Debug|x64
		{D5D7EC93-F065-449E-B4AF-4A75452DB842}.Debug|x86.ActiveCfg = Debug|Win32
		{D5D7EC93-F065-449E-B4AF-4A75452DB842}.Debug|x86.Build.0 = Debug|Win32
		{D5D7EC93-F065-449E-B4AF-4A75452DB842}.Release|x64.ActiveCfg = Release|x64
		{D5D7EC93-F065-449E-B4AF-4A75452DB842}.Release|x64.Build.0 = Release|x64
		{D5D7EC93-F065-449E-B4AF-4A75452DB842}.Release|x86.ActiveCfg = Release|Win32
		{D5D7EC93-F065-449E-B4AF-4A75452DB842}.Release|x86.Build.0 = Release|Win32
		{2A3AF800-A94B-4D76-9085-7B2F1C531C03}.Debug|x64.ActiveCfg = Debug|x64
		{2A3AF800-A94B-4D76-9085-7B2F1C531C03}.Debug|x64.Build.0 = Debug|x64
		{2A3AF800-A94B-4D76-9085-7B2F1C531C03}.Debug|x86.ActiveCfg = Debug|Win32
		{2A3AF800-A94B-4D76-9085-7B2F1C531C03}.Debug|x86.Build.0 = Debug|Win32
		{2A3AF800-A94B-4D76-9085-7B2F1C531C03}.Release|x64.ActiveCfg = Release|x64
		{2A3AF800-A94B-4D76-9085-7B2F1C531C03}.Release|x64.Build.0 = Release|x64
		{2A3AF800-A94B-4D76-9085-7B2F1C531C03}.Release|x86.ActiveCfg = Release|Win32
		{2A3AF800-A94B-4D76-9085-7B2F1C531C03}.Release|x86.Build.0 = Release|Win32
		{C1979DED-EBC9-4224-AB89-7A776A3784DE}.Debug|x64.ActiveCfg = Debug|x64
		{C1979DED-EBC9-4224-AB89-7A776A3784DE}.Debug|x64.Build.0 = Debug|x64
		{C1979DED-EBC9-4224-AB89-7A776A3784DE}.Debug|x86.ActiveCfg = Debug|Win32
		{C1979DED-EBC9-4224-AB89-7A776A3784DE}.Debug|x86.Build.0 = Debug|Win32
		{C1979DED-EBC9-4224-AB89-7A776A3784DE}.Release|x64.ActiveCfg = Release|x64
		{C1979DED-EBC9-4224-AB89-7A776A3784DE}.Release|x64.Build.0 = Release|x64
		{C1979DED-EBC9-4224-AB89-7A776A3784DE}.Release|x86.ActiveCfg = Release|Win32
		{C1979DED-EBC9-4224-AB89-7A776A3784DE}.Release|x86.Build.0 = Release|Win32
		{DBE0C70C-DE50-45D9-A5C8-A0BF1C4A117C}.Debug|x64.ActiveCfg = Debug|x64
		{DBE0C70C-DE50-45D9-A5C8-A0BF1C4A117C}.Debug|x64.Build.0 = Debug|x64
		{DBE0C70C-DE50-45D9-A5C8-A0BF1C4A117C}.Debug|x86.ActiveCfg = Debug|Win32
		{DBE0C70C-DE50-45D9-A5C8-A0BF1C4A117C}.Debug|x86.Build.0 = Debug|Win32
		{DBE0C70C-DE50-45D9-A5C8-A0BF1C4A117C}.Release|x64.ActiveCfg = Release|x64
		{DBE0C70C-DE50-45D9-A5C8-A0BF1C4A117C}.Release|x64.Build.0 = Release|x64
		{DBE0C70C-DE50-45D9-A5C8-A0BF1C4A117C}.Release|x86.ActiveCfg = Release|Win32
		{DBE0C70C-DE50-45D9-A5C8-A0BF1C4A117C}.Release|x86.Build.0 = Release|Win32
		{A8CF084A-867C-4AE4-90D9-446DE6896C6F}.Debug|x64.ActiveCfg = Debug|x64
		{A8CF084A-867C-4AE4-90D9-446DE6896C6F}.Debug|x64.Build.0 = Debug|x64
		{A8CF084A-867C-4AE4-90D9-446DE6896C6F}.Debug|x86.ActiveCfg = Debug|Win32
		{A8CF084A-867C-4AE4-90D9-446DE6896C6F}.Debug|x86.Build.0 = Debug|Win32
		{A8CF084A-867C-4AE4-90D9-446DE6896C6F}.Release|x64.ActiveCfg = Release|x64
		{A8CF084A-867C-4AE4-90D9-446DE6896C6F}.Release|x64.Build.0 = Release|x64
		{A8CF084A-867C-4AE4-90D9-446DE6896C6F}.Release|x86.ActiveCfg = Release|Win32
		{A8CF084A-867C-4AE4-90D9-446DE6896C6F}.Release|x86.Build.0 = Release|Win32
		{6341AB42-2A6B-4499-891C-E757225E2C8E}.Debug|x64.ActiveCfg = Debug|x64
		{6341AB42-2A6B-4499-891C-E757225E2C8E}.Debug|x64.Build.0 = Debug|x64
		{6341AB42-2A6B-4499-891C-E757225E2C8E}.Debug|x86.ActiveCfg = Debug|Win32
		{6341AB42-2A6B-4499-891C-E757225E2C8E}.Debug|x86.Build.0 = Debug|Win32
		{6341AB42-2A6B-4499-891C-E757225E2C8E}.Release|x64.ActiveCfg = Release|x64
		{6341AB42-2A6B-4499-891C-E757225E2C8E}.Release|x64.Build.0 = Release|x64
		{6341AB42-2A6B-4499-891C-E757225E2C8E}.Release|x86.ActiveCfg = Release|Win32
		{6341AB42-2A6B-4499-891C-E757225E2C8E}.Release|x86.Build.0 = Release|Win32
		{EED0BC4D-9697-4AD1-8979-6777D149EC67}.Debug|x64.ActiveCfg = Debug|x64
		{EED0BC4D-9697-4AD1-8979-6777D149EC67}.Debug|x64.Build.0 = Debug|x64
		{EED0BC4D-9697-4AD1-8979-6777D149EC67}.Debug|x86.ActiveCfg = Debug|Win32
		{EED0BC4D-9697-4AD1-8979-6777D149EC67}.Debug|x86.Build.0 = Debug|Win32
		{EED0BC4D-9697-4AD1-8979-6777D149EC67}.Release|x64.ActiveCfg = Release|x64
		{EED0BC4D-9697-4AD1-8979-6777D149EC67}.Release|x64.Build.0 = Release|x64
		{EED0BC4D-9697-4AD1-8979-6777D149EC67}.Release|x86.ActiveCfg = Release|Win32
		{EED0BC4D-9697-4AD1-8979-6777D149EC67}.Release|x86.Build.0 = Release|Win32
		{CB40D911-25E3-427A-A261-31E3BCACAA29}.Debug|x64.ActiveCfg = Debug|x64
		{CB40D911-25E3-427A-A261-31E3BCACAA29}.Debug|x64.Build.0 = Debug|x64
		{CB40D911-25E3-427A-A261-31E3BCACAA29}.Debug|x86.ActiveCfg = Debug|Win32
		{CB40D911-25E3-427A-A261-31E3BCACAA29}.Debug|x86.Build.0 = Debug|Win32
		{CB40D911-25E3-427A-A261-31E3BCACAA29}.Release|x64.ActiveCfg = Release|x64
		{CB40D911-25E3-427A-A261-31E3BCACAA29}.Release|x64.Build.0 = Release|x64
		{CB40D911-25E3-427A-A261-31E3BCACAA29}.Release|x86.ActiveCfg = Release|Win32
		{CB40D911-25E3-427A-A261-31E3BCACAA29}.Release|x86.Build.0 = Release|Win32
		{586DED76-30AE-450B-98AE-84C1511586E5}.Debug|x64.ActiveCfg = Debug|x64
		{586DED76-30AE-450B-98AE-84C1511586E5}.Debug|x64.Build.0 = Debug|x64
		{586DED76-30AE-450B-98AE-84C1511586E5}.Debug|x86.ActiveCfg = Debug|Win32
		{586DED76-30AE-450B-98AE-84C1511586E5}.Debug|x86.Build.0 = Debug|Win32
		{586DED76-30AE-450B-98AE-84C1511586E5}.Release|x64.ActiveCfg = Release|x64
		{586DED76-30AE-450B-98AE-84C1511586E5}.Release|x64.Build.0 = Release|x64
		{586DED76-30AE-450B-98AE-84C1511586E5}.Release|x86.ActiveCfg = Release|Win32
		{586DED76-30AE-450B-98AE-84C1511586E5}.Release|x86.Build.0 = Release|Win32
	EndGlobalSection
	GlobalSection(SolutionProperties) = preSolution
		HideSolutionNode = FALSE
	EndGlobalSection
	GlobalSection(ExtensibilityGlobals) = postSolution
		SolutionGuid = {70015E47-AE29-45A4-BBBF-7EA80A83BCD0}
	EndGlobalSection
EndGlobal
