
Microsoft Visual Studio Solution File, Format Version 12.00
# Visual Studio Version 17
VisualStudioVersion = 17.11.35222.181
MinimumVisualStudioVersion = 10.0.40219.1
Project("{8BC9CEB8-8B4A-11D0-8D11-00A0C91BC942}") = "DZ_1", "DZ_1\DZ_1.vcxproj", "{48F0737A-267E-490F-A98D-81FDD846E93B}"
EndProject
Project("{8BC9CEB8-8B4A-11D0-8D11-00A0C91BC942}") = "DZ_2", "DZ_2\DZ_2.vcxproj", "{13A7C060-DDB9-49EA-A4F0-091DE52291A9}"
EndProject
Project("{8BC9CEB8-8B4A-11D0-8D11-00A0C91BC942}") = "DZ_6", "DZ_6\DZ_6.vcxproj", "{04778540-1AEE-49F7-A42B-E8FAB9FF2CCF}"
EndProject
Project("{8BC9CEB8-8B4A-11D0-8D11-00A0C91BC942}") = "DZ_3", "DZ_3\DZ_3.vcxproj", "{E4577E43-FE86-4B0F-8378-43A085151A5D}"
EndProject
Project("{8BC9CEB8-8B4A-11D0-8D11-00A0C91BC942}") = "DZ_4", "DZ_4\DZ_4.vcxproj", "{88E66BBA-0D76-47E8-979A-8127E5CE9D8C}"
EndProject
Project("{8BC9CEB8-8B4A-11D0-8D11-00A0C91BC942}") = "DZ_5", "DZ_5\DZ_5.vcxproj", "{1C0045DD-134C-486B-A2AA-ABD93F6E7A59}"
EndProject
Project("{8BC9CEB8-8B4A-11D0-8D11-00A0C91BC942}") = "DZ_7", "DZ_7\DZ_7.vcxproj", "{BFF78E28-D710-4347-A6DD-460B79D4C29E}"
EndProject
Project("{8BC9CEB8-8B4A-11D0-8D11-00A0C91BC942}") = "DZ_911", "DZ_911\DZ_911.vcxproj", "{C8AB465E-41F9-4C8F-8B76-02F973E0E1AB}"
EndProject
Project("{8BC9CEB8-8B4A-11D0-8D11-00A0C91BC942}") = "DZ_8", "DZ_8\DZ_8.vcxproj", "{105CCEAE-07B1-4CAD-BA3D-D8052D1AA509}"
EndProject
Global
	GlobalSection(SolutionConfigurationPlatforms) = preSolution
		Debug|x64 = Debug|x64
		Debug|x86 = Debug|x86
		Release|x64 = Release|x64
		Release|x86 = Release|x86
	EndGlobalSection
	GlobalSection(ProjectConfigurationPlatforms) = postSolution
		{48F0737A-267E-490F-A98D-81FDD846E93B}.Debug|x64.ActiveCfg = Debug|x64
		{48F0737A-267E-490F-A98D-81FDD846E93B}.Debug|x64.Build.0 = Debug|x64
		{48F0737A-267E-490F-A98D-81FDD846E93B}.Debug|x86.ActiveCfg = Debug|Win32
		{48F0737A-267E-490F-A98D-81FDD846E93B}.Debug|x86.Build.0 = Debug|Win32
		{48F0737A-267E-490F-A98D-81FDD846E93B}.Release|x64.ActiveCfg = Release|x64
		{48F0737A-267E-490F-A98D-81FDD846E93B}.Release|x64.Build.0 = Release|x64
		{48F0737A-267E-490F-A98D-81FDD846E93B}.Release|x86.ActiveCfg = Release|Win32
		{48F0737A-267E-490F-A98D-81FDD846E93B}.Release|x86.Build.0 = Release|Win32
		{13A7C060-DDB9-49EA-A4F0-091DE52291A9}.Debug|x64.ActiveCfg = Debug|x64
		{13A7C060-DDB9-49EA-A4F0-091DE52291A9}.Debug|x64.Build.0 = Debug|x64
		{13A7C060-DDB9-49EA-A4F0-091DE52291A9}.Debug|x86.ActiveCfg = Debug|Win32
		{13A7C060-DDB9-49EA-A4F0-091DE52291A9}.Debug|x86.Build.0 = Debug|Win32
		{13A7C060-DDB9-49EA-A4F0-091DE52291A9}.Release|x64.ActiveCfg = Release|x64
		{13A7C060-DDB9-49EA-A4F0-091DE52291A9}.Release|x64.Build.0 = Release|x64
		{13A7C060-DDB9-49EA-A4F0-091DE52291A9}.Release|x86.ActiveCfg = Release|Win32
		{13A7C060-DDB9-49EA-A4F0-091DE52291A9}.Release|x86.Build.0 = Release|Win32
		{04778540-1AEE-49F7-A42B-E8FAB9FF2CCF}.Debug|x64.ActiveCfg = Debug|x64
		{04778540-1AEE-49F7-A42B-E8FAB9FF2CCF}.Debug|x64.Build.0 = Debug|x64
		{04778540-1AEE-49F7-A42B-E8FAB9FF2CCF}.Debug|x86.ActiveCfg = Debug|Win32
		{04778540-1AEE-49F7-A42B-E8FAB9FF2CCF}.Debug|x86.Build.0 = Debug|Win32
		{04778540-1AEE-49F7-A42B-E8FAB9FF2CCF}.Release|x64.ActiveCfg = Release|x64
		{04778540-1AEE-49F7-A42B-E8FAB9FF2CCF}.Release|x64.Build.0 = Release|x64
		{04778540-1AEE-49F7-A42B-E8FAB9FF2CCF}.Release|x86.ActiveCfg = Release|Win32
		{04778540-1AEE-49F7-A42B-E8FAB9FF2CCF}.Release|x86.Build.0 = Release|Win32
		{E4577E43-FE86-4B0F-8378-43A085151A5D}.Debug|x64.ActiveCfg = Debug|x64
		{E4577E43-FE86-4B0F-8378-43A085151A5D}.Debug|x64.Build.0 = Debug|x64
		{E4577E43-FE86-4B0F-8378-43A085151A5D}.Debug|x86.ActiveCfg = Debug|Win32
		{E4577E43-FE86-4B0F-8378-43A085151A5D}.Debug|x86.Build.0 = Debug|Win32
		{E4577E43-FE86-4B0F-8378-43A085151A5D}.Release|x64.ActiveCfg = Release|x64
		{E4577E43-FE86-4B0F-8378-43A085151A5D}.Release|x64.Build.0 = Release|x64
		{E4577E43-FE86-4B0F-8378-43A085151A5D}.Release|x86.ActiveCfg = Release|Win32
		{E4577E43-FE86-4B0F-8378-43A085151A5D}.Release|x86.Build.0 = Release|Win32
		{88E66BBA-0D76-47E8-979A-8127E5CE9D8C}.Debug|x64.ActiveCfg = Debug|x64
		{88E66BBA-0D76-47E8-979A-8127E5CE9D8C}.Debug|x64.Build.0 = Debug|x64
		{88E66BBA-0D76-47E8-979A-8127E5CE9D8C}.Debug|x86.ActiveCfg = Debug|Win32
		{88E66BBA-0D76-47E8-979A-8127E5CE9D8C}.Debug|x86.Build.0 = Debug|Win32
		{88E66BBA-0D76-47E8-979A-8127E5CE9D8C}.Release|x64.ActiveCfg = Release|x64
		{88E66BBA-0D76-47E8-979A-8127E5CE9D8C}.Release|x64.Build.0 = Release|x64
		{88E66BBA-0D76-47E8-979A-8127E5CE9D8C}.Release|x86.ActiveCfg = Release|Win32
		{88E66BBA-0D76-47E8-979A-8127E5CE9D8C}.Release|x86.Build.0 = Release|Win32
		{1C0045DD-134C-486B-A2AA-ABD93F6E7A59}.Debug|x64.ActiveCfg = Debug|x64
		{1C0045DD-134C-486B-A2AA-ABD93F6E7A59}.Debug|x64.Build.0 = Debug|x64
		{1C0045DD-134C-486B-A2AA-ABD93F6E7A59}.Debug|x86.ActiveCfg = Debug|Win32
		{1C0045DD-134C-486B-A2AA-ABD93F6E7A59}.Debug|x86.Build.0 = Debug|Win32
		{1C0045DD-134C-486B-A2AA-ABD93F6E7A59}.Release|x64.ActiveCfg = Release|x64
		{1C0045DD-134C-486B-A2AA-ABD93F6E7A59}.Release|x64.Build.0 = Release|x64
		{1C0045DD-134C-486B-A2AA-ABD93F6E7A59}.Release|x86.ActiveCfg = Release|Win32
		{1C0045DD-134C-486B-A2AA-ABD93F6E7A59}.Release|x86.Build.0 = Release|Win32
		{BFF78E28-D710-4347-A6DD-460B79D4C29E}.Debug|x64.ActiveCfg = Debug|x64
		{BFF78E28-D710-4347-A6DD-460B79D4C29E}.Debug|x64.Build.0 = Debug|x64
		{BFF78E28-D710-4347-A6DD-460B79D4C29E}.Debug|x86.ActiveCfg = Debug|Win32
		{BFF78E28-D710-4347-A6DD-460B79D4C29E}.Debug|x86.Build.0 = Debug|Win32
		{BFF78E28-D710-4347-A6DD-460B79D4C29E}.Release|x64.ActiveCfg = Release|x64
		{BFF78E28-D710-4347-A6DD-460B79D4C29E}.Release|x64.Build.0 = Release|x64
		{BFF78E28-D710-4347-A6DD-460B79D4C29E}.Release|x86.ActiveCfg = Release|Win32
		{BFF78E28-D710-4347-A6DD-460B79D4C29E}.Release|x86.Build.0 = Release|Win32
		{C8AB465E-41F9-4C8F-8B76-02F973E0E1AB}.Debug|x64.ActiveCfg = Debug|x64
		{C8AB465E-41F9-4C8F-8B76-02F973E0E1AB}.Debug|x64.Build.0 = Debug|x64
		{C8AB465E-41F9-4C8F-8B76-02F973E0E1AB}.Debug|x86.ActiveCfg = Debug|Win32
		{C8AB465E-41F9-4C8F-8B76-02F973E0E1AB}.Debug|x86.Build.0 = Debug|Win32
		{C8AB465E-41F9-4C8F-8B76-02F973E0E1AB}.Release|x64.ActiveCfg = Release|x64
		{C8AB465E-41F9-4C8F-8B76-02F973E0E1AB}.Release|x64.Build.0 = Release|x64
		{C8AB465E-41F9-4C8F-8B76-02F973E0E1AB}.Release|x86.ActiveCfg = Release|Win32
		{C8AB465E-41F9-4C8F-8B76-02F973E0E1AB}.Release|x86.Build.0 = Release|Win32
		{105CCEAE-07B1-4CAD-BA3D-D8052D1AA509}.Debug|x64.ActiveCfg = Debug|x64
		{105CCEAE-07B1-4CAD-BA3D-D8052D1AA509}.Debug|x64.Build.0 = Debug|x64
		{105CCEAE-07B1-4CAD-BA3D-D8052D1AA509}.Debug|x86.ActiveCfg = Debug|Win32
		{105CCEAE-07B1-4CAD-BA3D-D8052D1AA509}.Debug|x86.Build.0 = Debug|Win32
		{105CCEAE-07B1-4CAD-BA3D-D8052D1AA509}.Release|x64.ActiveCfg = Release|x64
		{105CCEAE-07B1-4CAD-BA3D-D8052D1AA509}.Release|x64.Build.0 = Release|x64
		{105CCEAE-07B1-4CAD-BA3D-D8052D1AA509}.Release|x86.ActiveCfg = Release|Win32
		{105CCEAE-07B1-4CAD-BA3D-D8052D1AA509}.Release|x86.Build.0 = Release|Win32
	EndGlobalSection
	GlobalSection(SolutionProperties) = preSolution
		HideSolutionNode = FALSE
	EndGlobalSection
	GlobalSection(ExtensibilityGlobals) = postSolution
		SolutionGuid = {392E670F-C2D6-48B9-A3D6-E3453D24DA1E}
	EndGlobalSection
EndGlobal
