
Microsoft Visual Studio Solution File, Format Version 12.00
# Visual Studio Version 17
VisualStudioVersion = 17.11.35222.181
MinimumVisualStudioVersion = 10.0.40219.1
Project("{8BC9CEB8-8B4A-11D0-8D11-00A0C91BC942}") = "DZ_1", "DZ_1\DZ_1.vcxproj", "{9355E461-6EB9-4C18-8FB9-37387CA117A1}"
EndProject
Project("{8BC9CEB8-8B4A-11D0-8D11-00A0C91BC942}") = "DZ_2", "DZ_2\DZ_2.vcxproj", "{A50E6738-8D54-436A-A1C8-BD16C5706894}"
EndProject
Project("{8BC9CEB8-8B4A-11D0-8D11-00A0C91BC942}") = "DZ_3", "DZ_3\DZ_3.vcxproj", "{F96AE3B6-ECF5-42B7-9C04-66360663FC46}"
EndProject
Project("{8BC9CEB8-8B4A-11D0-8D11-00A0C91BC942}") = "DZ_4", "DZ_4\DZ_4.vcxproj", "{D974A78C-880F-4EFE-896B-E1BCF2ADAE78}"
EndProject
Project("{8BC9CEB8-8B4A-11D0-8D11-00A0C91BC942}") = "DZ_5", "DZ_5\DZ_5.vcxproj", "{D2F27F9C-8795-4B47-8828-84562B27418E}"
EndProject
Project("{8BC9CEB8-8B4A-11D0-8D11-00A0C91BC942}") = "DZ_6", "DZ_6\DZ_6.vcxproj", "{D0D37B9D-B3B5-4D80-B72E-9E5B23CAEEA8}"
EndProject
Project("{8BC9CEB8-8B4A-11D0-8D11-00A0C91BC942}") = "DZ_7", "DZ_7\DZ_7.vcxproj", "{8B338521-D385-4DF1-8C34-E94A0E77F1FC}"
EndProject
Project("{8BC9CEB8-8B4A-11D0-8D11-00A0C91BC942}") = "DZ_8", "DZ_8\DZ_8.vcxproj", "{73DC82A3-8E36-450F-BFEA-750583341553}"
EndProject
Project("{8BC9CEB8-8B4A-11D0-8D11-00A0C91BC942}") = "DZ_9", "DZ_9\DZ_9.vcxproj", "{25D6A4F1-8D74-4735-9C5F-EB583F06C332}"
EndProject
Project("{8BC9CEB8-8B4A-11D0-8D11-00A0C91BC942}") = "DZ_91", "DZ_91\DZ_91.vcxproj", "{76214530-DDCE-4FCF-A507-449A54FF4419}"
EndProject
Global
	GlobalSection(SolutionConfigurationPlatforms) = preSolution
		Debug|x64 = Debug|x64
		Debug|x86 = Debug|x86
		Release|x64 = Release|x64
		Release|x86 = Release|x86
	EndGlobalSection
	GlobalSection(ProjectConfigurationPlatforms) = postSolution
		{9355E461-6EB9-4C18-8FB9-37387CA117A1}.Debug|x64.ActiveCfg = Debug|x64
		{9355E461-6EB9-4C18-8FB9-37387CA117A1}.Debug|x64.Build.0 = Debug|x64
		{9355E461-6EB9-4C18-8FB9-37387CA117A1}.Debug|x86.ActiveCfg = Debug|Win32
		{9355E461-6EB9-4C18-8FB9-37387CA117A1}.Debug|x86.Build.0 = Debug|Win32
		{9355E461-6EB9-4C18-8FB9-37387CA117A1}.Release|x64.ActiveCfg = Release|x64
		{9355E461-6EB9-4C18-8FB9-37387CA117A1}.Release|x64.Build.0 = Release|x64
		{9355E461-6EB9-4C18-8FB9-37387CA117A1}.Release|x86.ActiveCfg = Release|Win32
		{9355E461-6EB9-4C18-8FB9-37387CA117A1}.Release|x86.Build.0 = Release|Win32
		{A50E6738-8D54-436A-A1C8-BD16C5706894}.Debug|x64.ActiveCfg = Debug|x64
		{A50E6738-8D54-436A-A1C8-BD16C5706894}.Debug|x64.Build.0 = Debug|x64
		{A50E6738-8D54-436A-A1C8-BD16C5706894}.Debug|x86.ActiveCfg = Debug|Win32
		{A50E6738-8D54-436A-A1C8-BD16C5706894}.Debug|x86.Build.0 = Debug|Win32
		{A50E6738-8D54-436A-A1C8-BD16C5706894}.Release|x64.ActiveCfg = Release|x64
		{A50E6738-8D54-436A-A1C8-BD16C5706894}.Release|x64.Build.0 = Release|x64
		{A50E6738-8D54-436A-A1C8-BD16C5706894}.Release|x86.ActiveCfg = Release|Win32
		{A50E6738-8D54-436A-A1C8-BD16C5706894}.Release|x86.Build.0 = Release|Win32
		{F96AE3B6-ECF5-42B7-9C04-66360663FC46}.Debug|x64.ActiveCfg = Debug|x64
		{F96AE3B6-ECF5-42B7-9C04-66360663FC46}.Debug|x64.Build.0 = Debug|x64
		{F96AE3B6-ECF5-42B7-9C04-66360663FC46}.Debug|x86.ActiveCfg = Debug|Win32
		{F96AE3B6-ECF5-42B7-9C04-66360663FC46}.Debug|x86.Build.0 = Debug|Win32
		{F96AE3B6-ECF5-42B7-9C04-66360663FC46}.Release|x64.ActiveCfg = Release|x64
		{F96AE3B6-ECF5-42B7-9C04-66360663FC46}.Release|x64.Build.0 = Release|x64
		{F96AE3B6-ECF5-42B7-9C04-66360663FC46}.Release|x86.ActiveCfg = Release|Win32
		{F96AE3B6-ECF5-42B7-9C04-66360663FC46}.Release|x86.Build.0 = Release|Win32
		{D974A78C-880F-4EFE-896B-E1BCF2ADAE78}.Debug|x64.ActiveCfg = Debug|x64
		{D974A78C-880F-4EFE-896B-E1BCF2ADAE78}.Debug|x64.Build.0 = Debug|x64
		{D974A78C-880F-4EFE-896B-E1BCF2ADAE78}.Debug|x86.ActiveCfg = Debug|Win32
		{D974A78C-880F-4EFE-896B-E1BCF2ADAE78}.Debug|x86.Build.0 = Debug|Win32
		{D974A78C-880F-4EFE-896B-E1BCF2ADAE78}.Release|x64.ActiveCfg = Release|x64
		{D974A78C-880F-4EFE-896B-E1BCF2ADAE78}.Release|x64.Build.0 = Release|x64
		{D974A78C-880F-4EFE-896B-E1BCF2ADAE78}.Release|x86.ActiveCfg = Release|Win32
		{D974A78C-880F-4EFE-896B-E1BCF2ADAE78}.Release|x86.Build.0 = Release|Win32
		{D2F27F9C-8795-4B47-8828-84562B27418E}.Debug|x64.ActiveCfg = Debug|x64
		{D2F27F9C-8795-4B47-8828-84562B27418E}.Debug|x64.Build.0 = Debug|x64
		{D2F27F9C-8795-4B47-8828-84562B27418E}.Debug|x86.ActiveCfg = Debug|Win32
		{D2F27F9C-8795-4B47-8828-84562B27418E}.Debug|x86.Build.0 = Debug|Win32
		{D2F27F9C-8795-4B47-8828-84562B27418E}.Release|x64.ActiveCfg = Release|x64
		{D2F27F9C-8795-4B47-8828-84562B27418E}.Release|x64.Build.0 = Release|x64
		{D2F27F9C-8795-4B47-8828-84562B27418E}.Release|x86.ActiveCfg = Release|Win32
		{D2F27F9C-8795-4B47-8828-84562B27418E}.Release|x86.Build.0 = Release|Win32
		{D0D37B9D-B3B5-4D80-B72E-9E5B23CAEEA8}.Debug|x64.ActiveCfg = Debug|x64
		{D0D37B9D-B3B5-4D80-B72E-9E5B23CAEEA8}.Debug|x64.Build.0 = Debug|x64
		{D0D37B9D-B3B5-4D80-B72E-9E5B23CAEEA8}.Debug|x86.ActiveCfg = Debug|Win32
		{D0D37B9D-B3B5-4D80-B72E-9E5B23CAEEA8}.Debug|x86.Build.0 = Debug|Win32
		{D0D37B9D-B3B5-4D80-B72E-9E5B23CAEEA8}.Release|x64.ActiveCfg = Release|x64
		{D0D37B9D-B3B5-4D80-B72E-9E5B23CAEEA8}.Release|x64.Build.0 = Release|x64
		{D0D37B9D-B3B5-4D80-B72E-9E5B23CAEEA8}.Release|x86.ActiveCfg = Release|Win32
		{D0D37B9D-B3B5-4D80-B72E-9E5B23CAEEA8}.Release|x86.Build.0 = Release|Win32
		{8B338521-D385-4DF1-8C34-E94A0E77F1FC}.Debug|x64.ActiveCfg = Debug|x64
		{8B338521-D385-4DF1-8C34-E94A0E77F1FC}.Debug|x64.Build.0 = Debug|x64
		{8B338521-D385-4DF1-8C34-E94A0E77F1FC}.Debug|x86.ActiveCfg = Debug|Win32
		{8B338521-D385-4DF1-8C34-E94A0E77F1FC}.Debug|x86.Build.0 = Debug|Win32
		{8B338521-D385-4DF1-8C34-E94A0E77F1FC}.Release|x64.ActiveCfg = Release|x64
		{8B338521-D385-4DF1-8C34-E94A0E77F1FC}.Release|x64.Build.0 = Release|x64
		{8B338521-D385-4DF1-8C34-E94A0E77F1FC}.Release|x86.ActiveCfg = Release|Win32
		{8B338521-D385-4DF1-8C34-E94A0E77F1FC}.Release|x86.Build.0 = Release|Win32
		{73DC82A3-8E36-450F-BFEA-750583341553}.Debug|x64.ActiveCfg = Debug|x64
		{73DC82A3-8E36-450F-BFEA-750583341553}.Debug|x64.Build.0 = Debug|x64
		{73DC82A3-8E36-450F-BFEA-750583341553}.Debug|x86.ActiveCfg = Debug|Win32
		{73DC82A3-8E36-450F-BFEA-750583341553}.Debug|x86.Build.0 = Debug|Win32
		{73DC82A3-8E36-450F-BFEA-750583341553}.Release|x64.ActiveCfg = Release|x64
		{73DC82A3-8E36-450F-BFEA-750583341553}.Release|x64.Build.0 = Release|x64
		{73DC82A3-8E36-450F-BFEA-750583341553}.Release|x86.ActiveCfg = Release|Win32
		{73DC82A3-8E36-450F-BFEA-750583341553}.Release|x86.Build.0 = Release|Win32
		{25D6A4F1-8D74-4735-9C5F-EB583F06C332}.Debug|x64.ActiveCfg = Debug|x64
		{25D6A4F1-8D74-4735-9C5F-EB583F06C332}.Debug|x64.Build.0 = Debug|x64
		{25D6A4F1-8D74-4735-9C5F-EB583F06C332}.Debug|x86.ActiveCfg = Debug|Win32
		{25D6A4F1-8D74-4735-9C5F-EB583F06C332}.Debug|x86.Build.0 = Debug|Win32
		{25D6A4F1-8D74-4735-9C5F-EB583F06C332}.Release|x64.ActiveCfg = Release|x64
		{25D6A4F1-8D74-4735-9C5F-EB583F06C332}.Release|x64.Build.0 = Release|x64
		{25D6A4F1-8D74-4735-9C5F-EB583F06C332}.Release|x86.ActiveCfg = Release|Win32
		{25D6A4F1-8D74-4735-9C5F-EB583F06C332}.Release|x86.Build.0 = Release|Win32
		{76214530-DDCE-4FCF-A507-449A54FF4419}.Debug|x64.ActiveCfg = Debug|x64
		{76214530-DDCE-4FCF-A507-449A54FF4419}.Debug|x64.Build.0 = Debug|x64
		{76214530-DDCE-4FCF-A507-449A54FF4419}.Debug|x86.ActiveCfg = Debug|Win32
		{76214530-DDCE-4FCF-A507-449A54FF4419}.Debug|x86.Build.0 = Debug|Win32
		{76214530-DDCE-4FCF-A507-449A54FF4419}.Release|x64.ActiveCfg = Release|x64
		{76214530-DDCE-4FCF-A507-449A54FF4419}.Release|x64.Build.0 = Release|x64
		{76214530-DDCE-4FCF-A507-449A54FF4419}.Release|x86.ActiveCfg = Release|Win32
		{76214530-DDCE-4FCF-A507-449A54FF4419}.Release|x86.Build.0 = Release|Win32
	EndGlobalSection
	GlobalSection(SolutionProperties) = preSolution
		HideSolutionNode = FALSE
	EndGlobalSection
	GlobalSection(ExtensibilityGlobals) = postSolution
		SolutionGuid = {C3505A5D-C8FE-4141-921E-C4D6BEA4203C}
	EndGlobalSection
EndGlobal
